
Microsoft Visual Studio Solution File, Format Version 12.00
# Visual Studio 2013
VisualStudioVersion = 12.0.30723.0
MinimumVisualStudioVersion = 10.0.40219.1
Project("{2150E333-8FDC-42A3-9474-1A3956D46DE8}") = "Solution Items", "Solution Items", "{BB905F66-9F15-4D17-9DCB-E2E0F0BFDDF0}"
	ProjectSection(SolutionItems) = preProject
		.editorconfig = .editorconfig
		.gitignore = .gitignore
		cpplint.ps1 = cpplint.ps1
		doxygen.ps1 = doxygen.ps1
		README.md = README.md
	EndProjectSection
EndProject
Project("{8BC9CEB8-8B4A-11D0-8D11-00A0C91BC942}") = "You-NLP", "You-NLP\You-NLP.vcxproj", "{FA205F33-9C62-45A2-B059-0F7D9AFC7752}"
EndProject
Project("{8BC9CEB8-8B4A-11D0-8D11-00A0C91BC942}") = "You-QueryEngine", "You-QueryEngine\You-QueryEngine.vcxproj", "{DC647C82-D04E-4C03-8295-B7534F4B5797}"
EndProject
Project("{8BC9CEB8-8B4A-11D0-8D11-00A0C91BC942}") = "You-DataStore", "You-DataStore\You-DataStore.vcxproj", "{15C8CBBD-E87A-4744-8F03-658E121A8088}"
EndProject
Project("{8BC9CEB8-8B4A-11D0-8D11-00A0C91BC942}") = "You-NLP-Tests", "You-NLP-Tests\You-NLP-Tests.vcxproj", "{6C82E543-56F8-485D-9D04-8217B9C02395}"
EndProject
Project("{8BC9CEB8-8B4A-11D0-8D11-00A0C91BC942}") = "You-QueryEngine-Tests", "You-QueryEngine-Tests\You-QueryEngine-Tests.vcxproj", "{278D09AE-F2F0-4A24-81AF-C82C4710B390}"
EndProject
Project("{8BC9CEB8-8B4A-11D0-8D11-00A0C91BC942}") = "You-DataStore-Tests", "You-DataStore-Tests\You-DataStore-Tests.vcxproj", "{3B32FF95-B5B8-4F73-A6AB-74D5F2F36085}"
EndProject
Project("{8BC9CEB8-8B4A-11D0-8D11-00A0C91BC942}") = "You-GUI", "You-GUI\You-GUI.vcxproj", "{B12702AD-ABFB-343A-A199-8E24837244A3}"
EndProject
Project("{8BC9CEB8-8B4A-11D0-8D11-00A0C91BC942}") = "pugixml", "pugixml\pugixml.vcxproj", "{37C6BAAA-E37D-4558-9595-DFB5C9FB59BC}"
EndProject
Project("{8BC9CEB8-8B4A-11D0-8D11-00A0C91BC942}") = "You-Controller", "You-Controller\You-Controller.vcxproj", "{25C49AD2-4819-4DDD-BC61-8918A71A0730}"
EndProject
Project("{8BC9CEB8-8B4A-11D0-8D11-00A0C91BC942}") = "You-Controller-Tests", "You-Controller-Tests\You-Controller-Tests.vcxproj", "{48BF2897-EFE8-49F7-8D16-722738C4C318}"
EndProject
Project("{8BC9CEB8-8B4A-11D0-8D11-00A0C91BC942}") = "You-Utils", "You-Utils\You-Utils.vcxproj", "{BB59AD84-CDE2-49E9-B32A-F8A8EBF36FC3}"
EndProject
Project("{8BC9CEB8-8B4A-11D0-8D11-00A0C91BC942}") = "You-GUI-Tests", "You-GUI-Tests\You-GUI-Tests.vcxproj", "{1A87C579-832C-4026-AF25-E4EF57779F22}"
EndProject
Project("{8BC9CEB8-8B4A-11D0-8D11-00A0C91BC942}") = "You", "You\You.vcxproj", "{EFD18829-CE08-4303-86DA-B10AFED41374}"
EndProject
Global
	GlobalSection(SolutionConfigurationPlatforms) = preSolution
		Debug GUI|Win32 = Debug GUI|Win32
		Debug|Win32 = Debug|Win32
		Release GUI|Win32 = Release GUI|Win32
		Release|Win32 = Release|Win32
	EndGlobalSection
	GlobalSection(ProjectConfigurationPlatforms) = postSolution
		{FA205F33-9C62-45A2-B059-0F7D9AFC7752}.Debug GUI|Win32.ActiveCfg = Debug|Win32
		{FA205F33-9C62-45A2-B059-0F7D9AFC7752}.Debug GUI|Win32.Build.0 = Debug|Win32
		{FA205F33-9C62-45A2-B059-0F7D9AFC7752}.Debug|Win32.ActiveCfg = Debug|Win32
		{FA205F33-9C62-45A2-B059-0F7D9AFC7752}.Debug|Win32.Build.0 = Debug|Win32
		{FA205F33-9C62-45A2-B059-0F7D9AFC7752}.Release GUI|Win32.ActiveCfg = Release|Win32
		{FA205F33-9C62-45A2-B059-0F7D9AFC7752}.Release GUI|Win32.Build.0 = Release|Win32
		{FA205F33-9C62-45A2-B059-0F7D9AFC7752}.Release|Win32.ActiveCfg = Release|Win32
		{FA205F33-9C62-45A2-B059-0F7D9AFC7752}.Release|Win32.Build.0 = Release|Win32
		{DC647C82-D04E-4C03-8295-B7534F4B5797}.Debug GUI|Win32.ActiveCfg = Debug|Win32
		{DC647C82-D04E-4C03-8295-B7534F4B5797}.Debug GUI|Win32.Build.0 = Debug|Win32
		{DC647C82-D04E-4C03-8295-B7534F4B5797}.Debug|Win32.ActiveCfg = Debug|Win32
		{DC647C82-D04E-4C03-8295-B7534F4B5797}.Debug|Win32.Build.0 = Debug|Win32
		{DC647C82-D04E-4C03-8295-B7534F4B5797}.Release GUI|Win32.ActiveCfg = Release|Win32
		{DC647C82-D04E-4C03-8295-B7534F4B5797}.Release GUI|Win32.Build.0 = Release|Win32
		{DC647C82-D04E-4C03-8295-B7534F4B5797}.Release|Win32.ActiveCfg = Release|Win32
		{DC647C82-D04E-4C03-8295-B7534F4B5797}.Release|Win32.Build.0 = Release|Win32
		{15C8CBBD-E87A-4744-8F03-658E121A8088}.Debug GUI|Win32.ActiveCfg = Debug|Win32
		{15C8CBBD-E87A-4744-8F03-658E121A8088}.Debug GUI|Win32.Build.0 = Debug|Win32
		{15C8CBBD-E87A-4744-8F03-658E121A8088}.Debug|Win32.ActiveCfg = Debug|Win32
		{15C8CBBD-E87A-4744-8F03-658E121A8088}.Debug|Win32.Build.0 = Debug|Win32
		{15C8CBBD-E87A-4744-8F03-658E121A8088}.Release GUI|Win32.ActiveCfg = Release|Win32
		{15C8CBBD-E87A-4744-8F03-658E121A8088}.Release GUI|Win32.Build.0 = Release|Win32
		{15C8CBBD-E87A-4744-8F03-658E121A8088}.Release|Win32.ActiveCfg = Release|Win32
		{15C8CBBD-E87A-4744-8F03-658E121A8088}.Release|Win32.Build.0 = Release|Win32
		{6C82E543-56F8-485D-9D04-8217B9C02395}.Debug GUI|Win32.ActiveCfg = Debug|Win32
		{6C82E543-56F8-485D-9D04-8217B9C02395}.Debug GUI|Win32.Build.0 = Debug|Win32
		{6C82E543-56F8-485D-9D04-8217B9C02395}.Debug|Win32.ActiveCfg = Debug|Win32
		{6C82E543-56F8-485D-9D04-8217B9C02395}.Debug|Win32.Build.0 = Debug|Win32
		{6C82E543-56F8-485D-9D04-8217B9C02395}.Release GUI|Win32.ActiveCfg = Release|Win32
		{6C82E543-56F8-485D-9D04-8217B9C02395}.Release GUI|Win32.Build.0 = Release|Win32
		{6C82E543-56F8-485D-9D04-8217B9C02395}.Release|Win32.ActiveCfg = Release|Win32
		{6C82E543-56F8-485D-9D04-8217B9C02395}.Release|Win32.Build.0 = Release|Win32
		{278D09AE-F2F0-4A24-81AF-C82C4710B390}.Debug GUI|Win32.ActiveCfg = Debug|Win32
		{278D09AE-F2F0-4A24-81AF-C82C4710B390}.Debug GUI|Win32.Build.0 = Debug|Win32
		{278D09AE-F2F0-4A24-81AF-C82C4710B390}.Debug|Win32.ActiveCfg = Debug|Win32
		{278D09AE-F2F0-4A24-81AF-C82C4710B390}.Debug|Win32.Build.0 = Debug|Win32
		{278D09AE-F2F0-4A24-81AF-C82C4710B390}.Release GUI|Win32.ActiveCfg = Release|Win32
		{278D09AE-F2F0-4A24-81AF-C82C4710B390}.Release GUI|Win32.Build.0 = Release|Win32
		{278D09AE-F2F0-4A24-81AF-C82C4710B390}.Release|Win32.ActiveCfg = Release|Win32
		{278D09AE-F2F0-4A24-81AF-C82C4710B390}.Release|Win32.Build.0 = Release|Win32
		{3B32FF95-B5B8-4F73-A6AB-74D5F2F36085}.Debug GUI|Win32.ActiveCfg = Debug|Win32
		{3B32FF95-B5B8-4F73-A6AB-74D5F2F36085}.Debug GUI|Win32.Build.0 = Debug|Win32
		{3B32FF95-B5B8-4F73-A6AB-74D5F2F36085}.Debug|Win32.ActiveCfg = Debug|Win32
		{3B32FF95-B5B8-4F73-A6AB-74D5F2F36085}.Debug|Win32.Build.0 = Debug|Win32
		{3B32FF95-B5B8-4F73-A6AB-74D5F2F36085}.Release GUI|Win32.ActiveCfg = Release|Win32
		{3B32FF95-B5B8-4F73-A6AB-74D5F2F36085}.Release GUI|Win32.Build.0 = Release|Win32
		{3B32FF95-B5B8-4F73-A6AB-74D5F2F36085}.Release|Win32.ActiveCfg = Release|Win32
		{3B32FF95-B5B8-4F73-A6AB-74D5F2F36085}.Release|Win32.Build.0 = Release|Win32
		{B12702AD-ABFB-343A-A199-8E24837244A3}.Debug GUI|Win32.ActiveCfg = Debug|Win32
		{B12702AD-ABFB-343A-A199-8E24837244A3}.Debug GUI|Win32.Build.0 = Debug|Win32
		{B12702AD-ABFB-343A-A199-8E24837244A3}.Debug|Win32.ActiveCfg = Debug|Win32
		{B12702AD-ABFB-343A-A199-8E24837244A3}.Release GUI|Win32.ActiveCfg = Release|Win32
		{B12702AD-ABFB-343A-A199-8E24837244A3}.Release GUI|Win32.Build.0 = Release|Win32
		{B12702AD-ABFB-343A-A199-8E24837244A3}.Release|Win32.ActiveCfg = Release|Win32
		{37C6BAAA-E37D-4558-9595-DFB5C9FB59BC}.Debug GUI|Win32.ActiveCfg = Debug|Win32
		{37C6BAAA-E37D-4558-9595-DFB5C9FB59BC}.Debug GUI|Win32.Build.0 = Debug|Win32
		{37C6BAAA-E37D-4558-9595-DFB5C9FB59BC}.Debug|Win32.ActiveCfg = Debug|Win32
		{37C6BAAA-E37D-4558-9595-DFB5C9FB59BC}.Debug|Win32.Build.0 = Debug|Win32
		{37C6BAAA-E37D-4558-9595-DFB5C9FB59BC}.Release GUI|Win32.ActiveCfg = Release|Win32
		{37C6BAAA-E37D-4558-9595-DFB5C9FB59BC}.Release GUI|Win32.Build.0 = Release|Win32
		{37C6BAAA-E37D-4558-9595-DFB5C9FB59BC}.Release|Win32.ActiveCfg = Release|Win32
		{37C6BAAA-E37D-4558-9595-DFB5C9FB59BC}.Release|Win32.Build.0 = Release|Win32
		{25C49AD2-4819-4DDD-BC61-8918A71A0730}.Debug GUI|Win32.ActiveCfg = Debug|Win32
		{25C49AD2-4819-4DDD-BC61-8918A71A0730}.Debug GUI|Win32.Build.0 = Debug|Win32
		{25C49AD2-4819-4DDD-BC61-8918A71A0730}.Debug|Win32.ActiveCfg = Debug|Win32
		{25C49AD2-4819-4DDD-BC61-8918A71A0730}.Debug|Win32.Build.0 = Debug|Win32
		{25C49AD2-4819-4DDD-BC61-8918A71A0730}.Release GUI|Win32.ActiveCfg = Release|Win32
		{25C49AD2-4819-4DDD-BC61-8918A71A0730}.Release GUI|Win32.Build.0 = Release|Win32
		{25C49AD2-4819-4DDD-BC61-8918A71A0730}.Release|Win32.ActiveCfg = Release|Win32
		{25C49AD2-4819-4DDD-BC61-8918A71A0730}.Release|Win32.Build.0 = Release|Win32
		{48BF2897-EFE8-49F7-8D16-722738C4C318}.Debug GUI|Win32.ActiveCfg = Debug|Win32
		{48BF2897-EFE8-49F7-8D16-722738C4C318}.Debug GUI|Win32.Build.0 = Debug|Win32
		{48BF2897-EFE8-49F7-8D16-722738C4C318}.Debug|Win32.ActiveCfg = Debug|Win32
		{48BF2897-EFE8-49F7-8D16-722738C4C318}.Debug|Win32.Build.0 = Debug|Win32
		{48BF2897-EFE8-49F7-8D16-722738C4C318}.Release GUI|Win32.ActiveCfg = Release|Win32
		{48BF2897-EFE8-49F7-8D16-722738C4C318}.Release GUI|Win32.Build.0 = Release|Win32
		{48BF2897-EFE8-49F7-8D16-722738C4C318}.Release|Win32.ActiveCfg = Release|Win32
		{48BF2897-EFE8-49F7-8D16-722738C4C318}.Release|Win32.Build.0 = Release|Win32
		{BB59AD84-CDE2-49E9-B32A-F8A8EBF36FC3}.Debug GUI|Win32.ActiveCfg = Debug|Win32
		{BB59AD84-CDE2-49E9-B32A-F8A8EBF36FC3}.Debug GUI|Win32.Build.0 = Debug|Win32
		{BB59AD84-CDE2-49E9-B32A-F8A8EBF36FC3}.Debug|Win32.ActiveCfg = Debug|Win32
		{BB59AD84-CDE2-49E9-B32A-F8A8EBF36FC3}.Debug|Win32.Build.0 = Debug|Win32
		{BB59AD84-CDE2-49E9-B32A-F8A8EBF36FC3}.Release GUI|Win32.ActiveCfg = Release|Win32
		{BB59AD84-CDE2-49E9-B32A-F8A8EBF36FC3}.Release GUI|Win32.Build.0 = Release|Win32
		{BB59AD84-CDE2-49E9-B32A-F8A8EBF36FC3}.Release|Win32.ActiveCfg = Release|Win32
		{BB59AD84-CDE2-49E9-B32A-F8A8EBF36FC3}.Release|Win32.Build.0 = Release|Win32
		{1A87C579-832C-4026-AF25-E4EF57779F22}.Debug GUI|Win32.ActiveCfg = Debug|Win32
		{1A87C579-832C-4026-AF25-E4EF57779F22}.Debug GUI|Win32.Build.0 = Debug|Win32
		{1A87C579-832C-4026-AF25-E4EF57779F22}.Debug|Win32.ActiveCfg = Debug|Win32
		{1A87C579-832C-4026-AF25-E4EF57779F22}.Release GUI|Win32.ActiveCfg = Release|Win32
		{1A87C579-832C-4026-AF25-E4EF57779F22}.Release GUI|Win32.Build.0 = Release|Win32
		{1A87C579-832C-4026-AF25-E4EF57779F22}.Release|Win32.ActiveCfg = Release|Win32
		{EFD18829-CE08-4303-86DA-B10AFED41374}.Debug GUI|Win32.ActiveCfg = Debug|Win32
		{EFD18829-CE08-4303-86DA-B10AFED41374}.Debug GUI|Win32.Build.0 = Debug|Win32
		{EFD18829-CE08-4303-86DA-B10AFED41374}.Debug|Win32.ActiveCfg = Debug|Win32
		{EFD18829-CE08-4303-86DA-B10AFED41374}.Debug|Win32.Build.0 = Debug|Win32
		{EFD18829-CE08-4303-86DA-B10AFED41374}.Release GUI|Win32.ActiveCfg = Release|Win32
		{EFD18829-CE08-4303-86DA-B10AFED41374}.Release GUI|Win32.Build.0 = Release|Win32
		{EFD18829-CE08-4303-86DA-B10AFED41374}.Release|Win32.ActiveCfg = Release|Win32
		{EFD18829-CE08-4303-86DA-B10AFED41374}.Release|Win32.Build.0 = Release|Win32
	EndGlobalSection
	GlobalSection(SolutionProperties) = preSolution
		HideSolutionNode = FALSE
	EndGlobalSection
EndGlobal
