<?xml version="1.0" encoding="utf-8"?>
<Project ToolsVersion="4.0" xmlns="http://schemas.microsoft.com/developer/msbuild/2003">
  <ItemGroup>
    <Filter Include="Source Files">
      <UniqueIdentifier>{4FC737F1-C7A5-4376-A066-2A32D752A2FF}</UniqueIdentifier>
      <Extensions>cpp;c;cc;cxx;def;odl;idl;hpj;bat;asm;asmx</Extensions>
    </Filter>
    <Filter Include="Header Files">
      <UniqueIdentifier>{93995380-89BD-4b04-88EB-625FBE52EBFB}</UniqueIdentifier>
      <Extensions>h;hh;hpp;hxx;hm;inl;inc;xsd</Extensions>
    </Filter>
    <Filter Include="Resource Files">
      <UniqueIdentifier>{67DA6AB6-F800-4c08-8B7A-83BB121AAD01}</UniqueIdentifier>
      <Extensions>rc;ico;cur;bmp;dlg;rc2;rct;bin;rgs;gif;jpg;jpeg;jpe;resx;tiff;tif;png;wav;mfcribbon-ms</Extensions>
    </Filter>
    <Filter Include="Header Files\internal">
      <UniqueIdentifier>{e9845cad-3f6d-4f2c-906a-d4bdde2c83ae}</UniqueIdentifier>
    </Filter>
    <Filter Include="Source Files\internal">
      <UniqueIdentifier>{d4171170-8206-417d-9019-c252d2445caf}</UniqueIdentifier>
    </Filter>
    <Filter Include="Header Files\internal\operations">
      <UniqueIdentifier>{f888a07c-f757-4fc4-a847-a7bfc1a768a2}</UniqueIdentifier>
    </Filter>
    <Filter Include="Source Files\internal\operations">
      <UniqueIdentifier>{c8c5e46b-7ece-4999-965e-e9cc043f770c}</UniqueIdentifier>
    </Filter>
    <Filter Include="Source Files\exceptions">
      <UniqueIdentifier>{d7bb65c8-ee38-4383-ba89-11b0f58bcff9}</UniqueIdentifier>
    </Filter>
    <Filter Include="Header Files\exceptions">
      <UniqueIdentifier>{4365dde8-626e-4719-b8a4-5df535896b1d}</UniqueIdentifier>
    </Filter>
  </ItemGroup>
  <ItemGroup>
    <ClInclude Include="stdafx.h">
      <Filter>Header Files</Filter>
    </ClInclude>
    <ClInclude Include="internal\operation.h">
      <Filter>Header Files\internal</Filter>
    </ClInclude>
    <ClInclude Include="task_typedefs.h">
      <Filter>Header Files</Filter>
    </ClInclude>
    <ClInclude Include="datastore.h">
      <Filter>Header Files</Filter>
    </ClInclude>
    <ClInclude Include="transaction.h">
      <Filter>Header Files</Filter>
    </ClInclude>
    <ClInclude Include="internal\operations\erase_operation.h">
      <Filter>Header Files\internal\operations</Filter>
    </ClInclude>
    <ClInclude Include="internal\operations\put_operation.h">
      <Filter>Header Files\internal\operations</Filter>
    </ClInclude>
    <ClInclude Include="internal\operations\post_operation.h">
      <Filter>Header Files\internal\operations</Filter>
    </ClInclude>
    <ClInclude Include="internal\internal_datastore.h">
      <Filter>Header Files\internal</Filter>
    </ClInclude>
    <ClInclude Include="internal\internal_transaction.h">
      <Filter>Header Files\internal</Filter>
    </ClInclude>
    <ClInclude Include="internal\pugixml.h">
      <Filter>Header Files\internal</Filter>
    </ClInclude>
    <ClInclude Include="internal\operations\serialization_operation.h">
      <Filter>Header Files\internal\operations</Filter>
    </ClInclude>
    <ClInclude Include="internal\operations\branch_operation.h">
      <Filter>Header Files\internal\operations</Filter>
    </ClInclude>
    <ClInclude Include="internal\constants.h">
      <Filter>Header Files</Filter>
    </ClInclude>
    <ClInclude Include="exception.h">
      <Filter>Header Files</Filter>
    </ClInclude>
    <ClInclude Include="exceptions\exception.h">
      <Filter>Header Files\exceptions</Filter>
    </ClInclude>
    <ClInclude Include="exceptions\xml_parse_error_exception.h">
      <Filter>Header Files\exceptions</Filter>
    </ClInclude>
  </ItemGroup>
  <ItemGroup>
    <ClCompile Include="stdafx.cpp">
      <Filter>Source Files</Filter>
    </ClCompile>
    <ClCompile Include="datastore.cpp">
      <Filter>Source Files</Filter>
    </ClCompile>
    <ClCompile Include="transaction.cpp">
      <Filter>Source Files</Filter>
    </ClCompile>
    <ClCompile Include="internal\operations\erase_operation.cpp">
      <Filter>Source Files\internal\operations</Filter>
    </ClCompile>
    <ClCompile Include="internal\operations\post_operation.cpp">
      <Filter>Source Files\internal\operations</Filter>
    </ClCompile>
    <ClCompile Include="internal\operations\put_operation.cpp">
      <Filter>Source Files\internal\operations</Filter>
    </ClCompile>
    <ClCompile Include="internal\internal_datastore.cpp">
      <Filter>Source Files\internal</Filter>
    </ClCompile>
    <ClCompile Include="internal\internal_transaction.cpp">
      <Filter>Source Files\internal</Filter>
    </ClCompile>
    <ClCompile Include="internal\operations\serialization_operation.cpp">
      <Filter>Source Files\internal\operations</Filter>
    </ClCompile>
    <ClCompile Include="internal\operations\branch_operation.cpp">
      <Filter>Source Files\internal\operations</Filter>
    </ClCompile>
    <ClCompile Include="internal\constants.cpp">
      <Filter>Source Files</Filter>
    </ClCompile>
    <ClCompile Include="exceptions\xml_parse_error_exception.cpp">
      <Filter>Source Files\exceptions</Filter>
    </ClCompile>
  </ItemGroup>
  <ItemGroup>
    <None Include="packages.config" />
  </ItemGroup>
</Project>