<?xml version="1.0" encoding="utf-8"?>
<Project ToolsVersion="4.0" xmlns="http://schemas.microsoft.com/developer/msbuild/2003">
  <ItemGroup>
    <Filter Include="Source Files">
      <UniqueIdentifier>{4FC737F1-C7A5-4376-A066-2A32D752A2FF}</UniqueIdentifier>
      <Extensions>cpp;c;cc;cxx;def;odl;idl;hpj;bat;asm;asmx</Extensions>
    </Filter>
    <Filter Include="Header Files">
      <UniqueIdentifier>{93995380-89BD-4b04-88EB-625FBE52EBFB}</UniqueIdentifier>
      <Extensions>h;hh;hpp;hxx;hm;inl;inc;xsd</Extensions>
    </Filter>
    <Filter Include="Resource Files">
      <UniqueIdentifier>{67DA6AB6-F800-4c08-8B7A-83BB121AAD01}</UniqueIdentifier>
      <Extensions>rc;ico;cur;bmp;dlg;rc2;rct;bin;rgs;gif;jpg;jpeg;jpe;resx;tiff;tif;png;wav;mfcribbon-ms</Extensions>
    </Filter>
    <Filter Include="Header Files\exceptions">
      <UniqueIdentifier>{b0c82b9f-0846-4c8e-949e-41ded46084c3}</UniqueIdentifier>
    </Filter>
    <Filter Include="Header Files\log">
      <UniqueIdentifier>{ed69d84c-45b6-4480-8501-8048863c7813}</UniqueIdentifier>
    </Filter>
    <Filter Include="Source Files\log">
      <UniqueIdentifier>{5dee2f58-290b-4791-ab0c-4865c5b6697d}</UniqueIdentifier>
    </Filter>
  </ItemGroup>
  <ItemGroup>
    <ClInclude Include="stdafx.h">
      <Filter>Header Files</Filter>
    </ClInclude>
    <ClInclude Include="exceptions\exception.h">
      <Filter>Header Files\exceptions</Filter>
    </ClInclude>
    <ClInclude Include="option.h">
      <Filter>Header Files</Filter>
    </ClInclude>
    <ClInclude Include="log.h">
      <Filter>Header Files</Filter>
    </ClInclude>
    <ClInclude Include="log\logger.h">
      <Filter>Header Files\log</Filter>
    </ClInclude>
    <ClInclude Include="log\log_message.h">
      <Filter>Header Files\log</Filter>
    </ClInclude>
    <ClInclude Include="log\log.h">
      <Filter>Header Files\log</Filter>
    </ClInclude>
    <ClInclude Include="log\log_sink.h">
      <Filter>Header Files\log</Filter>
    </ClInclude>
    <ClInclude Include="log\log_severity.h">
      <Filter>Header Files\log</Filter>
    </ClInclude>
    <ClInclude Include="string_utils.h">
      <Filter>Header Files</Filter>
    </ClInclude>
    <ClInclude Include="fatal.h">
      <Filter>Header Files</Filter>
    </ClInclude>
  </ItemGroup>
  <ItemGroup>
    <ClCompile Include="stdafx.cpp">
      <Filter>Source Files</Filter>
    </ClCompile>
    <ClCompile Include="log\log_message.cpp">
      <Filter>Source Files\log</Filter>
    </ClCompile>
    <ClCompile Include="log\logger.cpp">
      <Filter>Source Files\log</Filter>
    </ClCompile>
    <ClCompile Include="log\log.cpp">
      <Filter>Source Files\log</Filter>
    </ClCompile>
    <ClCompile Include="string_utils.cpp">
      <Filter>Source Files</Filter>
    </ClCompile>
  </ItemGroup>
  <ItemGroup>
    <None Include="packages.config" />
  </ItemGroup>
</Project>